<?xml version="1.0" encoding="utf-8"?>
<Project ToolsVersion="4.0" xmlns="http://schemas.microsoft.com/developer/msbuild/2003">
  <ItemGroup>
    <ClCompile Include="..\hiredis.c" />
    <ClCompile Include="..\net.c" />
    <ClCompile Include="..\sds.c" />
    <ClCompile Include="..\hiredispp\hiredispp.cpp">
      <Filter>hiredispp</Filter>
    </ClCompile>
    <ClCompile Include="..\RedisClient.cpp" />
  </ItemGroup>
  <ItemGroup>
    <ClInclude Include="..\config.h" />
    <ClInclude Include="..\hiredis.h" />
    <ClInclude Include="..\net.h" />
    <ClInclude Include="..\sds.h" />
    <ClInclude Include="..\hiredispp\hiredispp.h">
      <Filter>hiredispp</Filter>
    </ClInclude>
    <ClInclude Include="..\RedisClient.hpp" />
  </ItemGroup>
  <ItemGroup>
    <Filter Include="hiredispp">
      <UniqueIdentifier>{edec9478-18ba-4d9e-9500-845bd8d73446}</UniqueIdentifier>
    </Filter>
  </ItemGroup>
</Project>